// !$*UTF8*$!
{
	archiveVersion = 1;
	classes = {
	};
	objectVersion = 51;
	objects = {

/* Begin PBXBuildFile section */
		0003C0E323CC08A200111AA1 /* Soft@2x.png in Resources */ = {isa = PBXBuildFile; fileRef = 0003C0E223CC08A200111AA1 /* Soft@2x.png */; };
		0003C0E523CC10AA00111AA1 /* Paper@2x.png in Resources */ = {isa = PBXBuildFile; fileRef = 0003C0E423CC10AA00111AA1 /* Paper@2x.png */; };
		0004B01B23CD3A0D00F67723 /* TheOrangeOne@2x.png in Resources */ = {isa = PBXBuildFile; fileRef = 0004B01A23CD3A0C00F67723 /* TheOrangeOne@2x.png */; };
		0007CD0323D1253F00E3535C /* blurrylogoforui.png in Resources */ = {isa = PBXBuildFile; fileRef = 0007CD0223D1253F00E3535C /* blurrylogoforui.png */; };
		0007CD0523D1259800E3535C /* logoui.png in Resources */ = {isa = PBXBuildFile; fileRef = 0007CD0423D1259800E3535C /* logoui.png */; };
		001366B82307B61F009A102E /* AppDelegate.swift in Sources */ = {isa = PBXBuildFile; fileRef = 001366B72307B61F009A102E /* AppDelegate.swift */; };
		001366BA2307B61F009A102E /* SearchingViewController.swift in Sources */ = {isa = PBXBuildFile; fileRef = 001366B92307B61F009A102E /* SearchingViewController.swift */; };
		001366BD2307B61F009A102E /* Main.storyboard in Resources */ = {isa = PBXBuildFile; fileRef = 001366BB2307B61F009A102E /* Main.storyboard */; };
		001366BF2307B620009A102E /* Assets.xcassets in Resources */ = {isa = PBXBuildFile; fileRef = 001366BE2307B620009A102E /* Assets.xcassets */; };
		001366C22307B620009A102E /* LaunchScreen.storyboard in Resources */ = {isa = PBXBuildFile; fileRef = 001366C02307B620009A102E /* LaunchScreen.storyboard */; };
		001366D82307B620009A102E /* ExpeditionUITests.swift in Sources */ = {isa = PBXBuildFile; fileRef = 001366D72307B620009A102E /* ExpeditionUITests.swift */; };
		001366E72307BEA9009A102E /* WebKit.framework in Frameworks */ = {isa = PBXBuildFile; fileRef = 001366E62307BEA9009A102E /* WebKit.framework */; };
		0040048923CD7DAC002926E9 /* Zuckerberg@2x.png in Resources */ = {isa = PBXBuildFile; fileRef = 0040048823CD7DAB002926E9 /* Zuckerberg@2x.png */; };
		006302BC23CC04760074BE1C /* Halftone@2x.png in Resources */ = {isa = PBXBuildFile; fileRef = 006302B923CC04760074BE1C /* Halftone@2x.png */; };
		006302BD23CC04760074BE1C /* DramaticIcon@2x.png in Resources */ = {isa = PBXBuildFile; fileRef = 006302BA23CC04760074BE1C /* DramaticIcon@2x.png */; };
		006302BE23CC04760074BE1C /* IOS6@2x.png in Resources */ = {isa = PBXBuildFile; fileRef = 006302BB23CC04760074BE1C /* IOS6@2x.png */; };
		0077891823D14005002AEE78 /* LightShatter@2x.png in Resources */ = {isa = PBXBuildFile; fileRef = 0077891623D14005002AEE78 /* LightShatter@2x.png */; };
		0077891923D14005002AEE78 /* DarkShatter@2x.png in Resources */ = {isa = PBXBuildFile; fileRef = 0077891723D14005002AEE78 /* DarkShatter@2x.png */; };
		0078502F23CD688E00BDB94C /* Prism@2x.png in Resources */ = {isa = PBXBuildFile; fileRef = 0078502E23CD688E00BDB94C /* Prism@2x.png */; };
		00A3DC5D23D3C8EA00F96543 /* README.md in Resources */ = {isa = PBXBuildFile; fileRef = 00A3DC5C23D3C8EA00F96543 /* README.md */; };
		00A91DBC23A84AFF00F045F7 /* DarkIcon@2x.png in Resources */ = {isa = PBXBuildFile; fileRef = 00A91DBA23A84AFF00F045F7 /* DarkIcon@2x.png */; };
		00A91DBD23A84AFF00F045F7 /* DarkIcon@3x.png in Resources */ = {isa = PBXBuildFile; fileRef = 00A91DBB23A84AFF00F045F7 /* DarkIcon@3x.png */; };
		00AB6BA623CD37DE0088E269 /* Metal@2x.png in Resources */ = {isa = PBXBuildFile; fileRef = 00AB6BA523CD37DD0088E269 /* Metal@2x.png */; };
		00C4A4C623C509E800C18F65 /* Settings.bundle in Resources */ = {isa = PBXBuildFile; fileRef = 00C4A4C523C509E800C18F65 /* Settings.bundle */; };
		00EED5FC23CD370C00A1E258 /* Black@2x.png in Resources */ = {isa = PBXBuildFile; fileRef = 00EED5FB23CD370C00A1E258 /* Black@2x.png */; };
		00F7071123D16FB400C0B8E2 /* Diamond@2x.png in Resources */ = {isa = PBXBuildFile; fileRef = 00F7071023D16FB400C0B8E2 /* Diamond@2x.png */; };
		5D1D0D5823C6AE7600B4377E /* History.xcdatamodeld in Sources */ = {isa = PBXBuildFile; fileRef = 5D1D0D5623C6AE7600B4377E /* History.xcdatamodeld */; };
		5D1D0D5A23C6B0B300B4377E /* PersistenceService.swift in Sources */ = {isa = PBXBuildFile; fileRef = 5D1D0D5923C6B0B300B4377E /* PersistenceService.swift */; };
		5D1D0D5D23C6F1CB00B4377E /* HistoryElement+CoreDataClass.swift in Sources */ = {isa = PBXBuildFile; fileRef = 5D1D0D5B23C6F1CB00B4377E /* HistoryElement+CoreDataClass.swift */; };
		5D1D0D5E23C6F1CB00B4377E /* HistoryElement+CoreDataProperties.swift in Sources */ = {isa = PBXBuildFile; fileRef = 5D1D0D5C23C6F1CB00B4377E /* HistoryElement+CoreDataProperties.swift */; };
		5D2FA89E23D548F300A68AF5 /* DarkIntro.gif in Resources */ = {isa = PBXBuildFile; fileRef = 5D2FA89D23D548F300A68AF5 /* DarkIntro.gif */; };
		5D2FA8A023D5490B00A68AF5 /* LightIntro.gif in Resources */ = {isa = PBXBuildFile; fileRef = 5D2FA89F23D5490B00A68AF5 /* LightIntro.gif */; };
		5D2FA8A223D5491B00A68AF5 /* DarkIntro.gif in Resources */ = {isa = PBXBuildFile; fileRef = 5D2FA8A123D5491B00A68AF5 /* DarkIntro.gif */; };
		5D41CBF123C569B6003A16F9 /* SettingsBundleHelper.swift in Sources */ = {isa = PBXBuildFile; fileRef = 5D41CBF023C569B6003A16F9 /* SettingsBundleHelper.swift */; };
		5D41CBF323C5745C003A16F9 /* OptionsViewController.swift in Sources */ = {isa = PBXBuildFile; fileRef = 5D41CBF223C5745C003A16F9 /* OptionsViewController.swift */; };
		5D5BA2E223C5910C00D98050 /* HistoryTableViewController.swift in Sources */ = {isa = PBXBuildFile; fileRef = 5D5BA2E123C5910C00D98050 /* HistoryTableViewController.swift */; };
		5D7845A223CC243A006E6CE1 /* BlurryIcon@2x.png in Resources */ = {isa = PBXBuildFile; fileRef = 5D7845A123CC243A006E6CE1 /* BlurryIcon@2x.png */; };
		5D793D0523D4DF5C00539A44 /* Swift+Gif.swift in Sources */ = {isa = PBXBuildFile; fileRef = 5D793D0423D4DF5C00539A44 /* Swift+Gif.swift */; };
		5D793D0723D4E02D00539A44 /* IntroViewController.swift in Sources */ = {isa = PBXBuildFile; fileRef = 5D793D0623D4E02D00539A44 /* IntroViewController.swift */; };
		5D9B0E4323CBE355006713A4 /* VortexIcon@2x.png in Resources */ = {isa = PBXBuildFile; fileRef = 5D9B0E4223CBE355006713A4 /* VortexIcon@2x.png */; };
		5DE81BC223CBB41900F6FA33 /* GlyphFade@2x.png in Resources */ = {isa = PBXBuildFile; fileRef = 00AD59FD23CB98C1007C6495 /* GlyphFade@2x.png */; };
		5DE81BC323CBB45000F6FA33 /* ColorShadow@2x.png in Resources */ = {isa = PBXBuildFile; fileRef = 00AD59E923CB986E007C6495 /* ColorShadow@2x.png */; };
		5DE81BC423CBB45300F6FA33 /* Fading@2x.png in Resources */ = {isa = PBXBuildFile; fileRef = 00AD59F623CB98AC007C6495 /* Fading@2x.png */; };
		5DE81BC523CBB45700F6FA33 /* LightBlue@2x.png in Resources */ = {isa = PBXBuildFile; fileRef = 00AD5A0523CB98DC007C6495 /* LightBlue@2x.png */; };
		5DFC236523D58840004A3DF9 /* Stickers.xcassets in Resources */ = {isa = PBXBuildFile; fileRef = 5DFC236423D58840004A3DF9 /* Stickers.xcassets */; };
		5DFC236923D58840004A3DF9 /* Expedition Stickers.appex in Embed App Extensions */ = {isa = PBXBuildFile; fileRef = 5DFC236223D5883C004A3DF9 /* Expedition Stickers.appex */; settings = {ATTRIBUTES = (RemoveHeadersOnCopy, ); }; };
		D6030CDC23A89669003C6911 /* Gestures.swift in Sources */ = {isa = PBXBuildFile; fileRef = D6030CDB23A89669003C6911 /* Gestures.swift */; };
		D635B71A23CC07D6006B33F1 /* ThePurpleOne@2x.png in Resources */ = {isa = PBXBuildFile; fileRef = D635B71923CC07D6006B33F1 /* ThePurpleOne@2x.png */; };
		D64CA0C923C94E6600619E00 /* LightIcon@2x.png in Resources */ = {isa = PBXBuildFile; fileRef = D64CA0C823C94E6600619E00 /* LightIcon@2x.png */; };
		D65C4E5E23CD396E00B83EC8 /* ThePinkOne@2x.png in Resources */ = {isa = PBXBuildFile; fileRef = D65C4E5D23CD396E00B83EC8 /* ThePinkOne@2x.png */; };
		D65C4E6023CD3D5900B83EC8 /* MorningIcon@2x.png in Resources */ = {isa = PBXBuildFile; fileRef = D65C4E5F23CD3D5900B83EC8 /* MorningIcon@2x.png */; };
		D6F21CB023C409AE004C79EC /* code.swift in Sources */ = {isa = PBXBuildFile; fileRef = D6F21CAF23C409AE004C79EC /* code.swift */; };
/* End PBXBuildFile section */

/* Begin PBXContainerItemProxy section */
		001366C92307B620009A102E /* PBXContainerItemProxy */ = {
			isa = PBXContainerItemProxy;
			containerPortal = 001366AC2307B61F009A102E /* Project object */;
			proxyType = 1;
			remoteGlobalIDString = 001366B32307B61F009A102E;
			remoteInfo = Expedition;
		};
		001366D42307B620009A102E /* PBXContainerItemProxy */ = {
			isa = PBXContainerItemProxy;
			containerPortal = 001366AC2307B61F009A102E /* Project object */;
			proxyType = 1;
			remoteGlobalIDString = 001366B32307B61F009A102E;
			remoteInfo = Expedition;
		};
		5DFC236723D58840004A3DF9 /* PBXContainerItemProxy */ = {
			isa = PBXContainerItemProxy;
			containerPortal = 001366AC2307B61F009A102E /* Project object */;
			proxyType = 1;
			remoteGlobalIDString = 5DFC236123D5883C004A3DF9;
			remoteInfo = "Expedition Stickers";
		};
/* End PBXContainerItemProxy section */

/* Begin PBXCopyFilesBuildPhase section */
		0039255023CED16700AD77EB /* Embed App Extensions */ = {
			isa = PBXCopyFilesBuildPhase;
			buildActionMask = 2147483647;
			dstPath = "";
			dstSubfolderSpec = 13;
			files = (
				5DFC236923D58840004A3DF9 /* Expedition Stickers.appex in Embed App Extensions */,
			);
			name = "Embed App Extensions";
			runOnlyForDeploymentPostprocessing = 0;
		};
/* End PBXCopyFilesBuildPhase section */

/* Begin PBXFileReference section */
		0003C0E223CC08A200111AA1 /* Soft@2x.png */ = {isa = PBXFileReference; lastKnownFileType = image.png; path = "Soft@2x.png"; sourceTree = "<group>"; };
		0003C0E423CC10AA00111AA1 /* Paper@2x.png */ = {isa = PBXFileReference; lastKnownFileType = image.png; path = "Paper@2x.png"; sourceTree = "<group>"; };
		0004B01A23CD3A0C00F67723 /* TheOrangeOne@2x.png */ = {isa = PBXFileReference; lastKnownFileType = image.png; path = "TheOrangeOne@2x.png"; sourceTree = "<group>"; };
		0007CD0223D1253F00E3535C /* blurrylogoforui.png */ = {isa = PBXFileReference; lastKnownFileType = image.png; name = blurrylogoforui.png; path = Expedition/blurrylogoforui.png; sourceTree = SOURCE_ROOT; };
		0007CD0423D1259800E3535C /* logoui.png */ = {isa = PBXFileReference; lastKnownFileType = image.png; path = logoui.png; sourceTree = "<group>"; };
		001366B42307B61F009A102E /* Expedition.app */ = {isa = PBXFileReference; explicitFileType = wrapper.application; includeInIndex = 0; path = Expedition.app; sourceTree = BUILT_PRODUCTS_DIR; };
		001366B72307B61F009A102E /* AppDelegate.swift */ = {isa = PBXFileReference; lastKnownFileType = sourcecode.swift; path = AppDelegate.swift; sourceTree = "<group>"; };
		001366B92307B61F009A102E /* SearchingViewController.swift */ = {isa = PBXFileReference; lastKnownFileType = sourcecode.swift; path = SearchingViewController.swift; sourceTree = "<group>"; usesTabs = 0; };
		001366BC2307B61F009A102E /* Base */ = {isa = PBXFileReference; lastKnownFileType = file.storyboard; name = Base; path = Base.lproj/Main.storyboard; sourceTree = "<group>"; };
		001366BE2307B620009A102E /* Assets.xcassets */ = {isa = PBXFileReference; lastKnownFileType = folder.assetcatalog; path = Assets.xcassets; sourceTree = "<group>"; };
		001366C12307B620009A102E /* Base */ = {isa = PBXFileReference; lastKnownFileType = file.storyboard; name = Base; path = Base.lproj/LaunchScreen.storyboard; sourceTree = "<group>"; };
		001366C32307B620009A102E /* Info.plist */ = {isa = PBXFileReference; lastKnownFileType = text.plist.xml; path = Info.plist; sourceTree = "<group>"; };
		001366C82307B620009A102E /* ExpeditionTests.xctest */ = {isa = PBXFileReference; explicitFileType = wrapper.cfbundle; includeInIndex = 0; path = ExpeditionTests.xctest; sourceTree = BUILT_PRODUCTS_DIR; };
		001366D32307B620009A102E /* ExpeditionUITests.xctest */ = {isa = PBXFileReference; explicitFileType = wrapper.cfbundle; includeInIndex = 0; path = ExpeditionUITests.xctest; sourceTree = BUILT_PRODUCTS_DIR; };
		001366D72307B620009A102E /* ExpeditionUITests.swift */ = {isa = PBXFileReference; lastKnownFileType = sourcecode.swift; path = ExpeditionUITests.swift; sourceTree = "<group>"; };
		001366D92307B620009A102E /* Info.plist */ = {isa = PBXFileReference; lastKnownFileType = text.plist.xml; path = Info.plist; sourceTree = "<group>"; };
		001366E62307BEA9009A102E /* WebKit.framework */ = {isa = PBXFileReference; lastKnownFileType = wrapper.framework; name = WebKit.framework; path = System/Library/Frameworks/WebKit.framework; sourceTree = SDKROOT; };
		0040048823CD7DAB002926E9 /* Zuckerberg@2x.png */ = {isa = PBXFileReference; lastKnownFileType = image.png; path = "Zuckerberg@2x.png"; sourceTree = "<group>"; };
		005932CF234D747100DC2323 /* Expedition.entitlements */ = {isa = PBXFileReference; lastKnownFileType = text.plist.entitlements; path = Expedition.entitlements; sourceTree = "<group>"; };
		006302B923CC04760074BE1C /* Halftone@2x.png */ = {isa = PBXFileReference; lastKnownFileType = image.png; path = "Halftone@2x.png"; sourceTree = "<group>"; };
		006302BA23CC04760074BE1C /* DramaticIcon@2x.png */ = {isa = PBXFileReference; lastKnownFileType = image.png; path = "DramaticIcon@2x.png"; sourceTree = "<group>"; };
		006302BB23CC04760074BE1C /* IOS6@2x.png */ = {isa = PBXFileReference; lastKnownFileType = image.png; path = "IOS6@2x.png"; sourceTree = "<group>"; };
		0077891623D14005002AEE78 /* LightShatter@2x.png */ = {isa = PBXFileReference; lastKnownFileType = image.png; path = "LightShatter@2x.png"; sourceTree = "<group>"; };
		0077891723D14005002AEE78 /* DarkShatter@2x.png */ = {isa = PBXFileReference; lastKnownFileType = image.png; path = "DarkShatter@2x.png"; sourceTree = "<group>"; };
		0078502E23CD688E00BDB94C /* Prism@2x.png */ = {isa = PBXFileReference; lastKnownFileType = image.png; path = "Prism@2x.png"; sourceTree = "<group>"; };
		00A3DC5C23D3C8EA00F96543 /* README.md */ = {isa = PBXFileReference; fileEncoding = 4; lastKnownFileType = net.daringfireball.markdown; path = README.md; sourceTree = "<group>"; };
		00A91DBA23A84AFF00F045F7 /* DarkIcon@2x.png */ = {isa = PBXFileReference; lastKnownFileType = image.png; path = "DarkIcon@2x.png"; sourceTree = "<group>"; };
		00A91DBB23A84AFF00F045F7 /* DarkIcon@3x.png */ = {isa = PBXFileReference; lastKnownFileType = image.png; path = "DarkIcon@3x.png"; sourceTree = "<group>"; };
		00AB6BA523CD37DD0088E269 /* Metal@2x.png */ = {isa = PBXFileReference; lastKnownFileType = image.png; path = "Metal@2x.png"; sourceTree = "<group>"; };
		00AD59E823CB986D007C6495 /* ColorShadow@3x.png */ = {isa = PBXFileReference; lastKnownFileType = image.png; path = "ColorShadow@3x.png"; sourceTree = "<group>"; };
		00AD59E923CB986E007C6495 /* ColorShadow@2x.png */ = {isa = PBXFileReference; lastKnownFileType = image.png; path = "ColorShadow@2x.png"; sourceTree = "<group>"; };
		00AD59F623CB98AC007C6495 /* Fading@2x.png */ = {isa = PBXFileReference; lastKnownFileType = image.png; path = "Fading@2x.png"; sourceTree = "<group>"; };
		00AD59F723CB98AC007C6495 /* Fading@3x.png */ = {isa = PBXFileReference; lastKnownFileType = image.png; path = "Fading@3x.png"; sourceTree = "<group>"; };
		00AD59FD23CB98C1007C6495 /* GlyphFade@2x.png */ = {isa = PBXFileReference; lastKnownFileType = image.png; name = "GlyphFade@2x.png"; path = "../GlyphFade@2x.png"; sourceTree = "<group>"; };
		00AD59FE23CB98C2007C6495 /* GlyphFade@3x.png */ = {isa = PBXFileReference; lastKnownFileType = image.png; path = "GlyphFade@3x.png"; sourceTree = "<group>"; };
		00AD5A0423CB98DB007C6495 /* LightBlue@3x.png */ = {isa = PBXFileReference; lastKnownFileType = image.png; path = "LightBlue@3x.png"; sourceTree = "<group>"; };
		00AD5A0523CB98DC007C6495 /* LightBlue@2x.png */ = {isa = PBXFileReference; lastKnownFileType = image.png; path = "LightBlue@2x.png"; sourceTree = "<group>"; };
		00C4A4C523C509E800C18F65 /* Settings.bundle */ = {isa = PBXFileReference; lastKnownFileType = "wrapper.plug-in"; path = Settings.bundle; sourceTree = "<group>"; };
		00EED5FB23CD370C00A1E258 /* Black@2x.png */ = {isa = PBXFileReference; lastKnownFileType = image.png; path = "Black@2x.png"; sourceTree = "<group>"; };
		00F7071023D16FB400C0B8E2 /* Diamond@2x.png */ = {isa = PBXFileReference; lastKnownFileType = image.png; path = "Diamond@2x.png"; sourceTree = "<group>"; };
		5D1D0D5723C6AE7600B4377E /* History.xcdatamodel */ = {isa = PBXFileReference; lastKnownFileType = wrapper.xcdatamodel; path = History.xcdatamodel; sourceTree = "<group>"; };
		5D1D0D5923C6B0B300B4377E /* PersistenceService.swift */ = {isa = PBXFileReference; lastKnownFileType = sourcecode.swift; path = PersistenceService.swift; sourceTree = "<group>"; };
		5D1D0D5B23C6F1CB00B4377E /* HistoryElement+CoreDataClass.swift */ = {isa = PBXFileReference; lastKnownFileType = sourcecode.swift; path = "HistoryElement+CoreDataClass.swift"; sourceTree = "<group>"; };
		5D1D0D5C23C6F1CB00B4377E /* HistoryElement+CoreDataProperties.swift */ = {isa = PBXFileReference; lastKnownFileType = sourcecode.swift; path = "HistoryElement+CoreDataProperties.swift"; sourceTree = "<group>"; };
		5D2FA89D23D548F300A68AF5 /* DarkIntro.gif */ = {isa = PBXFileReference; lastKnownFileType = image.gif; name = DarkIntro.gif; path = Expedition/DarkIntro.gif; sourceTree = SOURCE_ROOT; };
		5D2FA89F23D5490B00A68AF5 /* LightIntro.gif */ = {isa = PBXFileReference; lastKnownFileType = image.gif; path = LightIntro.gif; sourceTree = "<group>"; };
		5D2FA8A123D5491B00A68AF5 /* DarkIntro.gif */ = {isa = PBXFileReference; lastKnownFileType = image.gif; path = DarkIntro.gif; sourceTree = "<group>"; };
		5D41CBF023C569B6003A16F9 /* SettingsBundleHelper.swift */ = {isa = PBXFileReference; lastKnownFileType = sourcecode.swift; path = SettingsBundleHelper.swift; sourceTree = "<group>"; };
		5D41CBF223C5745C003A16F9 /* OptionsViewController.swift */ = {isa = PBXFileReference; lastKnownFileType = sourcecode.swift; path = OptionsViewController.swift; sourceTree = "<group>"; };
		5D5BA2E123C5910C00D98050 /* HistoryTableViewController.swift */ = {isa = PBXFileReference; lastKnownFileType = sourcecode.swift; path = HistoryTableViewController.swift; sourceTree = "<group>"; };
		5D7845A123CC243A006E6CE1 /* BlurryIcon@2x.png */ = {isa = PBXFileReference; lastKnownFileType = image.png; path = "BlurryIcon@2x.png"; sourceTree = "<group>"; };
		5D793D0423D4DF5C00539A44 /* Swift+Gif.swift */ = {isa = PBXFileReference; lastKnownFileType = sourcecode.swift; path = "Swift+Gif.swift"; sourceTree = "<group>"; };
		5D793D0623D4E02D00539A44 /* IntroViewController.swift */ = {isa = PBXFileReference; lastKnownFileType = sourcecode.swift; path = IntroViewController.swift; sourceTree = "<group>"; };
		5D9B0E4223CBE355006713A4 /* VortexIcon@2x.png */ = {isa = PBXFileReference; lastKnownFileType = image.png; path = "VortexIcon@2x.png"; sourceTree = "<group>"; };
		5DFC236223D5883C004A3DF9 /* Expedition Stickers.appex */ = {isa = PBXFileReference; explicitFileType = "wrapper.app-extension"; includeInIndex = 0; path = "Expedition Stickers.appex"; sourceTree = BUILT_PRODUCTS_DIR; };
		5DFC236423D58840004A3DF9 /* Stickers.xcassets */ = {isa = PBXFileReference; lastKnownFileType = folder.assetcatalog; path = Stickers.xcassets; sourceTree = "<group>"; };
		5DFC236623D58840004A3DF9 /* Info.plist */ = {isa = PBXFileReference; lastKnownFileType = text.plist.xml; path = Info.plist; sourceTree = "<group>"; };
		D6030CDB23A89669003C6911 /* Gestures.swift */ = {isa = PBXFileReference; lastKnownFileType = sourcecode.swift; path = Gestures.swift; sourceTree = "<group>"; };
		D635B71923CC07D6006B33F1 /* ThePurpleOne@2x.png */ = {isa = PBXFileReference; lastKnownFileType = image.png; path = "ThePurpleOne@2x.png"; sourceTree = "<group>"; };
		D64CA0C823C94E6600619E00 /* LightIcon@2x.png */ = {isa = PBXFileReference; lastKnownFileType = image.png; path = "LightIcon@2x.png"; sourceTree = "<group>"; };
		D65C4E5D23CD396E00B83EC8 /* ThePinkOne@2x.png */ = {isa = PBXFileReference; lastKnownFileType = image.png; path = "ThePinkOne@2x.png"; sourceTree = "<group>"; };
		D65C4E5F23CD3D5900B83EC8 /* MorningIcon@2x.png */ = {isa = PBXFileReference; lastKnownFileType = image.png; path = "MorningIcon@2x.png"; sourceTree = "<group>"; };
		D6F21CAF23C409AE004C79EC /* code.swift */ = {isa = PBXFileReference; lastKnownFileType = sourcecode.swift; path = code.swift; sourceTree = "<group>"; };
/* End PBXFileReference section */

/* Begin PBXFrameworksBuildPhase section */
		001366B12307B61F009A102E /* Frameworks */ = {
			isa = PBXFrameworksBuildPhase;
			buildActionMask = 2147483647;
			files = (
				001366E72307BEA9009A102E /* WebKit.framework in Frameworks */,
			);
			runOnlyForDeploymentPostprocessing = 0;
		};
		001366C52307B620009A102E /* Frameworks */ = {
			isa = PBXFrameworksBuildPhase;
			buildActionMask = 2147483647;
			files = (
			);
			runOnlyForDeploymentPostprocessing = 0;
		};
		001366D02307B620009A102E /* Frameworks */ = {
			isa = PBXFrameworksBuildPhase;
			buildActionMask = 2147483647;
			files = (
			);
			runOnlyForDeploymentPostprocessing = 0;
		};
/* End PBXFrameworksBuildPhase section */

/* Begin PBXGroup section */
		001366AB2307B61F009A102E = {
			isa = PBXGroup;
			children = (
				00A3DC5C23D3C8EA00F96543 /* README.md */,
				001366B62307B61F009A102E /* Expedition */,
				001366D62307B620009A102E /* ExpeditionUITests */,
				5DFC236323D5883C004A3DF9 /* Expedition Stickers */,
				001366B52307B61F009A102E /* Products */,
				001366E52307BEA9009A102E /* Frameworks */,
			);
			sourceTree = "<group>";
			usesTabs = 0;
		};
		001366B52307B61F009A102E /* Products */ = {
			isa = PBXGroup;
			children = (
				001366B42307B61F009A102E /* Expedition.app */,
				001366C82307B620009A102E /* ExpeditionTests.xctest */,
				001366D32307B620009A102E /* ExpeditionUITests.xctest */,
				5DFC236223D5883C004A3DF9 /* Expedition Stickers.appex */,
			);
			name = Products;
			sourceTree = "<group>";
		};
		001366B62307B61F009A102E /* Expedition */ = {
			isa = PBXGroup;
			children = (
				00C4A4C523C509E800C18F65 /* Settings.bundle */,
				D64CA0C823C94E6600619E00 /* LightIcon@2x.png */,
				0007CD0423D1259800E3535C /* logoui.png */,
				0007CD0223D1253F00E3535C /* blurrylogoforui.png */,
				5D2FA89F23D5490B00A68AF5 /* LightIntro.gif */,
				5D2FA8A123D5491B00A68AF5 /* DarkIntro.gif */,
				5DE81BC623CBB83400F6FA33 /* TotallyNotSecretIcons */,
				0016FC3C23A6B801000D0022 /* DarkAppIcon */,
				00AD59E723CB9865007C6495 /* ColorShadowAppIcon */,
				00AD59F523CB98A5007C6495 /* FadingAppIcon */,
				00AD59FC23CB98B8007C6495 /* GlyphFadeAppIcon */,
				00AD5A0323CB98D5007C6495 /* LightBlueAppIcon */,
				5D793D0623D4E02D00539A44 /* IntroViewController.swift */,
				001366B92307B61F009A102E /* SearchingViewController.swift */,
				5D41CBF223C5745C003A16F9 /* OptionsViewController.swift */,
				5D5BA2E123C5910C00D98050 /* HistoryTableViewController.swift */,
				5D41CBF023C569B6003A16F9 /* SettingsBundleHelper.swift */,
				5D1D0D5923C6B0B300B4377E /* PersistenceService.swift */,
				001366B72307B61F009A102E /* AppDelegate.swift */,
				005932CF234D747100DC2323 /* Expedition.entitlements */,
				5D1D0D5623C6AE7600B4377E /* History.xcdatamodeld */,
				5D793D0423D4DF5C00539A44 /* Swift+Gif.swift */,
				5D1D0D5B23C6F1CB00B4377E /* HistoryElement+CoreDataClass.swift */,
				5D1D0D5C23C6F1CB00B4377E /* HistoryElement+CoreDataProperties.swift */,
				D6F21CAF23C409AE004C79EC /* code.swift */,
				D6030CDB23A89669003C6911 /* Gestures.swift */,
				001366BB2307B61F009A102E /* Main.storyboard */,
				001366BE2307B620009A102E /* Assets.xcassets */,
				001366C02307B620009A102E /* LaunchScreen.storyboard */,
				001366C32307B620009A102E /* Info.plist */,
			);
			path = Expedition;
			sourceTree = "<group>";
		};
		001366D62307B620009A102E /* ExpeditionUITests */ = {
			isa = PBXGroup;
			children = (
				001366D72307B620009A102E /* ExpeditionUITests.swift */,
				001366D92307B620009A102E /* Info.plist */,
			);
			path = ExpeditionUITests;
			sourceTree = "<group>";
		};
		001366E52307BEA9009A102E /* Frameworks */ = {
			isa = PBXGroup;
			children = (
				001366E62307BEA9009A102E /* WebKit.framework */,
			);
			name = Frameworks;
			sourceTree = "<group>";
		};
		0016FC3C23A6B801000D0022 /* DarkAppIcon */ = {
			isa = PBXGroup;
			children = (
				00A91DBA23A84AFF00F045F7 /* DarkIcon@2x.png */,
				00A91DBB23A84AFF00F045F7 /* DarkIcon@3x.png */,
			);
			path = DarkAppIcon;
			sourceTree = "<group>";
		};
		00AD59E723CB9865007C6495 /* ColorShadowAppIcon */ = {
			isa = PBXGroup;
			children = (
				00AD59E923CB986E007C6495 /* ColorShadow@2x.png */,
				00AD59E823CB986D007C6495 /* ColorShadow@3x.png */,
			);
			path = ColorShadowAppIcon;
			sourceTree = "<group>";
		};
		00AD59F523CB98A5007C6495 /* FadingAppIcon */ = {
			isa = PBXGroup;
			children = (
				00AD59F623CB98AC007C6495 /* Fading@2x.png */,
				00AD59F723CB98AC007C6495 /* Fading@3x.png */,
			);
			path = FadingAppIcon;
			sourceTree = "<group>";
		};
		00AD59FC23CB98B8007C6495 /* GlyphFadeAppIcon */ = {
			isa = PBXGroup;
			children = (
				00AD59FD23CB98C1007C6495 /* GlyphFade@2x.png */,
				00AD59FE23CB98C2007C6495 /* GlyphFade@3x.png */,
			);
			path = GlyphFadeAppIcon;
			sourceTree = "<group>";
		};
		00AD5A0323CB98D5007C6495 /* LightBlueAppIcon */ = {
			isa = PBXGroup;
			children = (
				5D2FA89D23D548F300A68AF5 /* DarkIntro.gif */,
				00AD5A0523CB98DC007C6495 /* LightBlue@2x.png */,
				00AD5A0423CB98DB007C6495 /* LightBlue@3x.png */,
			);
			path = LightBlueAppIcon;
			sourceTree = "<group>";
		};
		5DE81BC623CBB83400F6FA33 /* TotallyNotSecretIcons */ = {
			isa = PBXGroup;
			children = (
				00F7071023D16FB400C0B8E2 /* Diamond@2x.png */,
				00EED5FB23CD370C00A1E258 /* Black@2x.png */,
				006302BA23CC04760074BE1C /* DramaticIcon@2x.png */,
				00AB6BA523CD37DD0088E269 /* Metal@2x.png */,
				0003C0E223CC08A200111AA1 /* Soft@2x.png */,
				0003C0E423CC10AA00111AA1 /* Paper@2x.png */,
				0040048823CD7DAB002926E9 /* Zuckerberg@2x.png */,
				0077891723D14005002AEE78 /* DarkShatter@2x.png */,
				0077891623D14005002AEE78 /* LightShatter@2x.png */,
				0078502E23CD688E00BDB94C /* Prism@2x.png */,
				006302B923CC04760074BE1C /* Halftone@2x.png */,
				D635B71923CC07D6006B33F1 /* ThePurpleOne@2x.png */,
				006302BB23CC04760074BE1C /* IOS6@2x.png */,
				5D9B0E4223CBE355006713A4 /* VortexIcon@2x.png */,
				0004B01A23CD3A0C00F67723 /* TheOrangeOne@2x.png */,
				D65C4E5D23CD396E00B83EC8 /* ThePinkOne@2x.png */,
				5D7845A123CC243A006E6CE1 /* BlurryIcon@2x.png */,
				D65C4E5F23CD3D5900B83EC8 /* MorningIcon@2x.png */,
			);
			path = TotallyNotSecretIcons;
			sourceTree = "<group>";
		};
		5DFC236323D5883C004A3DF9 /* Expedition Stickers */ = {
			isa = PBXGroup;
			children = (
				5DFC236423D58840004A3DF9 /* Stickers.xcassets */,
				5DFC236623D58840004A3DF9 /* Info.plist */,
			);
			path = "Expedition Stickers";
			sourceTree = "<group>";
		};
/* End PBXGroup section */

/* Begin PBXNativeTarget section */
		001366B32307B61F009A102E /* Expedition */ = {
			isa = PBXNativeTarget;
			buildConfigurationList = 001366DC2307B620009A102E /* Build configuration list for PBXNativeTarget "Expedition" */;
			buildPhases = (
				001366B02307B61F009A102E /* Sources */,
				001366B12307B61F009A102E /* Frameworks */,
				001366B22307B61F009A102E /* Resources */,
				0039255023CED16700AD77EB /* Embed App Extensions */,
			);
			buildRules = (
			);
			dependencies = (
				5DFC236823D58840004A3DF9 /* PBXTargetDependency */,
			);
			name = Expedition;
			productName = Expedition;
			productReference = 001366B42307B61F009A102E /* Expedition.app */;
			productType = "com.apple.product-type.application";
		};
		001366C72307B620009A102E /* ExpeditionTests */ = {
			isa = PBXNativeTarget;
			buildConfigurationList = 001366DF2307B620009A102E /* Build configuration list for PBXNativeTarget "ExpeditionTests" */;
			buildPhases = (
				001366C42307B620009A102E /* Sources */,
				001366C52307B620009A102E /* Frameworks */,
				001366C62307B620009A102E /* Resources */,
			);
			buildRules = (
			);
			dependencies = (
				001366CA2307B620009A102E /* PBXTargetDependency */,
			);
			name = ExpeditionTests;
			productName = ExpeditionTests;
			productReference = 001366C82307B620009A102E /* ExpeditionTests.xctest */;
			productType = "com.apple.product-type.bundle.unit-test";
		};
		001366D22307B620009A102E /* ExpeditionUITests */ = {
			isa = PBXNativeTarget;
			buildConfigurationList = 001366E22307B620009A102E /* Build configuration list for PBXNativeTarget "ExpeditionUITests" */;
			buildPhases = (
				001366CF2307B620009A102E /* Sources */,
				001366D02307B620009A102E /* Frameworks */,
				001366D12307B620009A102E /* Resources */,
			);
			buildRules = (
			);
			dependencies = (
				001366D52307B620009A102E /* PBXTargetDependency */,
			);
			name = ExpeditionUITests;
			productName = ExpeditionUITests;
			productReference = 001366D32307B620009A102E /* ExpeditionUITests.xctest */;
			productType = "com.apple.product-type.bundle.ui-testing";
		};
		5DFC236123D5883C004A3DF9 /* Expedition Stickers */ = {
			isa = PBXNativeTarget;
			buildConfigurationList = 5DFC236C23D58840004A3DF9 /* Build configuration list for PBXNativeTarget "Expedition Stickers" */;
			buildPhases = (
				5DFC236023D5883C004A3DF9 /* Resources */,
			);
			buildRules = (
			);
			dependencies = (
			);
			name = "Expedition Stickers";
			productName = "Expedition Stickers";
			productReference = 5DFC236223D5883C004A3DF9 /* Expedition Stickers.appex */;
			productType = "com.apple.product-type.app-extension.messages-sticker-pack";
		};
/* End PBXNativeTarget section */

/* Begin PBXProject section */
		001366AC2307B61F009A102E /* Project object */ = {
			isa = PBXProject;
			attributes = {
				LastSwiftUpdateCheck = 1130;
				LastUpgradeCheck = 1030;
				ORGANIZATIONNAME = "Zeqe Golomb";
				TargetAttributes = {
					001366B32307B61F009A102E = {
						CreatedOnToolsVersion = 10.3;
					};
					001366C72307B620009A102E = {
						CreatedOnToolsVersion = 10.3;
						TestTargetID = 001366B32307B61F009A102E;
					};
					001366D22307B620009A102E = {
						CreatedOnToolsVersion = 10.3;
						TestTargetID = 001366B32307B61F009A102E;
					};
					5DFC236123D5883C004A3DF9 = {
						CreatedOnToolsVersion = 11.3.1;
					};
				};
			};
			buildConfigurationList = 001366AF2307B61F009A102E /* Build configuration list for PBXProject "Expedition" */;
			compatibilityVersion = "Xcode 10.0";
			developmentRegion = en;
			hasScannedForEncodings = 0;
			knownRegions = (
				en,
				Base,
			);
			mainGroup = 001366AB2307B61F009A102E;
			productRefGroup = 001366B52307B61F009A102E /* Products */;
			projectDirPath = "";
			projectRoot = "";
			targets = (
				001366B32307B61F009A102E /* Expedition */,
				001366C72307B620009A102E /* ExpeditionTests */,
				001366D22307B620009A102E /* ExpeditionUITests */,
				5DFC236123D5883C004A3DF9 /* Expedition Stickers */,
			);
		};
/* End PBXProject section */

/* Begin PBXResourcesBuildPhase section */
		001366B22307B61F009A102E /* Resources */ = {
			isa = PBXResourcesBuildPhase;
			buildActionMask = 2147483647;
			files = (
				0077891923D14005002AEE78 /* DarkShatter@2x.png in Resources */,
				D65C4E5E23CD396E00B83EC8 /* ThePinkOne@2x.png in Resources */,
				00A91DBC23A84AFF00F045F7 /* DarkIcon@2x.png in Resources */,
				0040048923CD7DAC002926E9 /* Zuckerberg@2x.png in Resources */,
				D65C4E6023CD3D5900B83EC8 /* MorningIcon@2x.png in Resources */,
				5DE81BC223CBB41900F6FA33 /* GlyphFade@2x.png in Resources */,
				5D2FA8A023D5490B00A68AF5 /* LightIntro.gif in Resources */,
				00EED5FC23CD370C00A1E258 /* Black@2x.png in Resources */,
				00F7071123D16FB400C0B8E2 /* Diamond@2x.png in Resources */,
				0003C0E523CC10AA00111AA1 /* Paper@2x.png in Resources */,
				00A3DC5D23D3C8EA00F96543 /* README.md in Resources */,
				0007CD0323D1253F00E3535C /* blurrylogoforui.png in Resources */,
				0077891823D14005002AEE78 /* LightShatter@2x.png in Resources */,
				5D2FA89E23D548F300A68AF5 /* DarkIntro.gif in Resources */,
				5D7845A223CC243A006E6CE1 /* BlurryIcon@2x.png in Resources */,
				00A91DBD23A84AFF00F045F7 /* DarkIcon@3x.png in Resources */,
				5D9B0E4323CBE355006713A4 /* VortexIcon@2x.png in Resources */,
				0004B01B23CD3A0D00F67723 /* TheOrangeOne@2x.png in Resources */,
				0003C0E323CC08A200111AA1 /* Soft@2x.png in Resources */,
				D64CA0C923C94E6600619E00 /* LightIcon@2x.png in Resources */,
				001366C22307B620009A102E /* LaunchScreen.storyboard in Resources */,
				006302BE23CC04760074BE1C /* IOS6@2x.png in Resources */,
				001366BF2307B620009A102E /* Assets.xcassets in Resources */,
				5DE81BC323CBB45000F6FA33 /* ColorShadow@2x.png in Resources */,
				5DE81BC423CBB45300F6FA33 /* Fading@2x.png in Resources */,
				00C4A4C623C509E800C18F65 /* Settings.bundle in Resources */,
				D635B71A23CC07D6006B33F1 /* ThePurpleOne@2x.png in Resources */,
				0007CD0523D1259800E3535C /* logoui.png in Resources */,
				006302BD23CC04760074BE1C /* DramaticIcon@2x.png in Resources */,
				006302BC23CC04760074BE1C /* Halftone@2x.png in Resources */,
				001366BD2307B61F009A102E /* Main.storyboard in Resources */,
				5DE81BC523CBB45700F6FA33 /* LightBlue@2x.png in Resources */,
				0078502F23CD688E00BDB94C /* Prism@2x.png in Resources */,
				00AB6BA623CD37DE0088E269 /* Metal@2x.png in Resources */,
				5D2FA8A223D5491B00A68AF5 /* DarkIntro.gif in Resources */,
			);
			runOnlyForDeploymentPostprocessing = 0;
		};
		001366C62307B620009A102E /* Resources */ = {
			isa = PBXResourcesBuildPhase;
			buildActionMask = 2147483647;
			files = (
			);
			runOnlyForDeploymentPostprocessing = 0;
		};
		001366D12307B620009A102E /* Resources */ = {
			isa = PBXResourcesBuildPhase;
			buildActionMask = 2147483647;
			files = (
			);
			runOnlyForDeploymentPostprocessing = 0;
		};
		5DFC236023D5883C004A3DF9 /* Resources */ = {
			isa = PBXResourcesBuildPhase;
			buildActionMask = 2147483647;
			files = (
				5DFC236523D58840004A3DF9 /* Stickers.xcassets in Resources */,
			);
			runOnlyForDeploymentPostprocessing = 0;
		};
/* End PBXResourcesBuildPhase section */

/* Begin PBXSourcesBuildPhase section */
		001366B02307B61F009A102E /* Sources */ = {
			isa = PBXSourcesBuildPhase;
			buildActionMask = 2147483647;
			files = (
				5D1D0D5A23C6B0B300B4377E /* PersistenceService.swift in Sources */,
				5D793D0723D4E02D00539A44 /* IntroViewController.swift in Sources */,
				5D41CBF123C569B6003A16F9 /* SettingsBundleHelper.swift in Sources */,
				5D1D0D5E23C6F1CB00B4377E /* HistoryElement+CoreDataProperties.swift in Sources */,
				D6F21CB023C409AE004C79EC /* code.swift in Sources */,
				5D793D0523D4DF5C00539A44 /* Swift+Gif.swift in Sources */,
				5D41CBF323C5745C003A16F9 /* OptionsViewController.swift in Sources */,
				5D1D0D5823C6AE7600B4377E /* History.xcdatamodeld in Sources */,
				5D1D0D5D23C6F1CB00B4377E /* HistoryElement+CoreDataClass.swift in Sources */,
				5D5BA2E223C5910C00D98050 /* HistoryTableViewController.swift in Sources */,
				001366BA2307B61F009A102E /* SearchingViewController.swift in Sources */,
				001366B82307B61F009A102E /* AppDelegate.swift in Sources */,
				D6030CDC23A89669003C6911 /* Gestures.swift in Sources */,
			);
			runOnlyForDeploymentPostprocessing = 0;
		};
		001366C42307B620009A102E /* Sources */ = {
			isa = PBXSourcesBuildPhase;
			buildActionMask = 2147483647;
			files = (
			);
			runOnlyForDeploymentPostprocessing = 0;
		};
		001366CF2307B620009A102E /* Sources */ = {
			isa = PBXSourcesBuildPhase;
			buildActionMask = 2147483647;
			files = (
				001366D82307B620009A102E /* ExpeditionUITests.swift in Sources */,
			);
			runOnlyForDeploymentPostprocessing = 0;
		};
/* End PBXSourcesBuildPhase section */

/* Begin PBXTargetDependency section */
		001366CA2307B620009A102E /* PBXTargetDependency */ = {
			isa = PBXTargetDependency;
			target = 001366B32307B61F009A102E /* Expedition */;
			targetProxy = 001366C92307B620009A102E /* PBXContainerItemProxy */;
		};
		001366D52307B620009A102E /* PBXTargetDependency */ = {
			isa = PBXTargetDependency;
			target = 001366B32307B61F009A102E /* Expedition */;
			targetProxy = 001366D42307B620009A102E /* PBXContainerItemProxy */;
		};
		5DFC236823D58840004A3DF9 /* PBXTargetDependency */ = {
			isa = PBXTargetDependency;
			target = 5DFC236123D5883C004A3DF9 /* Expedition Stickers */;
			targetProxy = 5DFC236723D58840004A3DF9 /* PBXContainerItemProxy */;
		};
/* End PBXTargetDependency section */

/* Begin PBXVariantGroup section */
		001366BB2307B61F009A102E /* Main.storyboard */ = {
			isa = PBXVariantGroup;
			children = (
				001366BC2307B61F009A102E /* Base */,
			);
			name = Main.storyboard;
			sourceTree = "<group>";
		};
		001366C02307B620009A102E /* LaunchScreen.storyboard */ = {
			isa = PBXVariantGroup;
			children = (
				001366C12307B620009A102E /* Base */,
			);
			name = LaunchScreen.storyboard;
			sourceTree = "<group>";
		};
/* End PBXVariantGroup section */

/* Begin XCBuildConfiguration section */
		001366DA2307B620009A102E /* Debug */ = {
			isa = XCBuildConfiguration;
			buildSettings = {
				ALWAYS_SEARCH_USER_PATHS = NO;
				CLANG_ANALYZER_NONNULL = YES;
				CLANG_ANALYZER_NUMBER_OBJECT_CONVERSION = YES_AGGRESSIVE;
				CLANG_CXX_LANGUAGE_STANDARD = "gnu++14";
				CLANG_CXX_LIBRARY = "libc++";
				CLANG_ENABLE_MODULES = YES;
				CLANG_ENABLE_OBJC_ARC = YES;
				CLANG_ENABLE_OBJC_WEAK = YES;
				CLANG_WARN_BLOCK_CAPTURE_AUTORELEASING = YES;
				CLANG_WARN_BOOL_CONVERSION = YES;
				CLANG_WARN_COMMA = YES;
				CLANG_WARN_CONSTANT_CONVERSION = YES;
				CLANG_WARN_DEPRECATED_OBJC_IMPLEMENTATIONS = YES;
				CLANG_WARN_DIRECT_OBJC_ISA_USAGE = YES_ERROR;
				CLANG_WARN_DOCUMENTATION_COMMENTS = YES;
				CLANG_WARN_EMPTY_BODY = YES;
				CLANG_WARN_ENUM_CONVERSION = YES;
				CLANG_WARN_INFINITE_RECURSION = YES;
				CLANG_WARN_INT_CONVERSION = YES;
				CLANG_WARN_NON_LITERAL_NULL_CONVERSION = YES;
				CLANG_WARN_OBJC_IMPLICIT_RETAIN_SELF = YES;
				CLANG_WARN_OBJC_LITERAL_CONVERSION = YES;
				CLANG_WARN_OBJC_ROOT_CLASS = YES_ERROR;
				CLANG_WARN_RANGE_LOOP_ANALYSIS = YES;
				CLANG_WARN_STRICT_PROTOTYPES = YES;
				CLANG_WARN_SUSPICIOUS_MOVE = YES;
				CLANG_WARN_UNGUARDED_AVAILABILITY = YES_AGGRESSIVE;
				CLANG_WARN_UNREACHABLE_CODE = YES;
				CLANG_WARN__DUPLICATE_METHOD_MATCH = YES;
				CODE_SIGN_IDENTITY = "iPhone Developer";
				COPY_PHASE_STRIP = NO;
				DEBUG_INFORMATION_FORMAT = dwarf;
				ENABLE_STRICT_OBJC_MSGSEND = YES;
				ENABLE_TESTABILITY = YES;
				GCC_C_LANGUAGE_STANDARD = gnu11;
				GCC_DYNAMIC_NO_PIC = NO;
				GCC_NO_COMMON_BLOCKS = YES;
				GCC_OPTIMIZATION_LEVEL = 0;
				GCC_PREPROCESSOR_DEFINITIONS = (
					"DEBUG=1",
					"$(inherited)",
				);
				GCC_WARN_64_TO_32_BIT_CONVERSION = YES;
				GCC_WARN_ABOUT_RETURN_TYPE = YES_ERROR;
				GCC_WARN_UNDECLARED_SELECTOR = YES;
				GCC_WARN_UNINITIALIZED_AUTOS = YES_AGGRESSIVE;
				GCC_WARN_UNUSED_FUNCTION = YES;
				GCC_WARN_UNUSED_VARIABLE = YES;
				IPHONEOS_DEPLOYMENT_TARGET = 13.0;
				MTL_ENABLE_DEBUG_INFO = INCLUDE_SOURCE;
				MTL_FAST_MATH = YES;
				ONLY_ACTIVE_ARCH = YES;
				SDKROOT = iphoneos;
				SWIFT_ACTIVE_COMPILATION_CONDITIONS = DEBUG;
				SWIFT_OPTIMIZATION_LEVEL = "-Onone";
				TARGETED_DEVICE_FAMILY = "1,2";
			};
			name = Debug;
		};
		001366DB2307B620009A102E /* Release */ = {
			isa = XCBuildConfiguration;
			buildSettings = {
				ALWAYS_SEARCH_USER_PATHS = NO;
				CLANG_ANALYZER_NONNULL = YES;
				CLANG_ANALYZER_NUMBER_OBJECT_CONVERSION = YES_AGGRESSIVE;
				CLANG_CXX_LANGUAGE_STANDARD = "gnu++14";
				CLANG_CXX_LIBRARY = "libc++";
				CLANG_ENABLE_MODULES = YES;
				CLANG_ENABLE_OBJC_ARC = YES;
				CLANG_ENABLE_OBJC_WEAK = YES;
				CLANG_WARN_BLOCK_CAPTURE_AUTORELEASING = YES;
				CLANG_WARN_BOOL_CONVERSION = YES;
				CLANG_WARN_COMMA = YES;
				CLANG_WARN_CONSTANT_CONVERSION = YES;
				CLANG_WARN_DEPRECATED_OBJC_IMPLEMENTATIONS = YES;
				CLANG_WARN_DIRECT_OBJC_ISA_USAGE = YES_ERROR;
				CLANG_WARN_DOCUMENTATION_COMMENTS = YES;
				CLANG_WARN_EMPTY_BODY = YES;
				CLANG_WARN_ENUM_CONVERSION = YES;
				CLANG_WARN_INFINITE_RECURSION = YES;
				CLANG_WARN_INT_CONVERSION = YES;
				CLANG_WARN_NON_LITERAL_NULL_CONVERSION = YES;
				CLANG_WARN_OBJC_IMPLICIT_RETAIN_SELF = YES;
				CLANG_WARN_OBJC_LITERAL_CONVERSION = YES;
				CLANG_WARN_OBJC_ROOT_CLASS = YES_ERROR;
				CLANG_WARN_RANGE_LOOP_ANALYSIS = YES;
				CLANG_WARN_STRICT_PROTOTYPES = YES;
				CLANG_WARN_SUSPICIOUS_MOVE = YES;
				CLANG_WARN_UNGUARDED_AVAILABILITY = YES_AGGRESSIVE;
				CLANG_WARN_UNREACHABLE_CODE = YES;
				CLANG_WARN__DUPLICATE_METHOD_MATCH = YES;
				CODE_SIGN_IDENTITY = "iPhone Developer";
				COPY_PHASE_STRIP = NO;
				DEBUG_INFORMATION_FORMAT = "dwarf-with-dsym";
				ENABLE_NS_ASSERTIONS = NO;
				ENABLE_STRICT_OBJC_MSGSEND = YES;
				GCC_C_LANGUAGE_STANDARD = gnu11;
				GCC_NO_COMMON_BLOCKS = YES;
				GCC_WARN_64_TO_32_BIT_CONVERSION = YES;
				GCC_WARN_ABOUT_RETURN_TYPE = YES_ERROR;
				GCC_WARN_UNDECLARED_SELECTOR = YES;
				GCC_WARN_UNINITIALIZED_AUTOS = YES_AGGRESSIVE;
				GCC_WARN_UNUSED_FUNCTION = YES;
				GCC_WARN_UNUSED_VARIABLE = YES;
				IPHONEOS_DEPLOYMENT_TARGET = 13.0;
				MTL_ENABLE_DEBUG_INFO = NO;
				MTL_FAST_MATH = YES;
				SDKROOT = iphoneos;
				SWIFT_COMPILATION_MODE = wholemodule;
				SWIFT_OPTIMIZATION_LEVEL = "-O";
				TARGETED_DEVICE_FAMILY = "1,2";
				VALIDATE_PRODUCT = YES;
			};
			name = Release;
		};
		001366DD2307B620009A102E /* Debug */ = {
			isa = XCBuildConfiguration;
			buildSettings = {
				ASSETCATALOG_COMPILER_APPICON_NAME = AppIcon;
				CODE_SIGN_ENTITLEMENTS = Expedition/Expedition.entitlements;
				CODE_SIGN_IDENTITY = "Apple Development";
				"CODE_SIGN_IDENTITY[sdk=macosx*]" = "Apple Development";
				CODE_SIGN_STYLE = Automatic;
				DEVELOPMENT_TEAM = CQ7CSQ6XS5;
				INFOPLIST_FILE = Expedition/Info.plist;
				IPHONEOS_DEPLOYMENT_TARGET = 13.0;
				LD_RUNPATH_SEARCH_PATHS = (
					"$(inherited)",
					"@executable_path/Frameworks",
				);
				MARKETING_VERSION = 7.2;
				PRODUCT_BUNDLE_IDENTIFIER = com.themorningcompany.expedition;
				PRODUCT_NAME = "$(TARGET_NAME)";
				PROVISIONING_PROFILE_SPECIFIER = "";
				"PROVISIONING_PROFILE_SPECIFIER[sdk=macosx*]" = "";
				SUPPORTS_MACCATALYST = NO;
				SWIFT_VERSION = 5.0;
				TARGETED_DEVICE_FAMILY = "1,2";
			};
			name = Debug;
		};
		001366DE2307B620009A102E /* Release */ = {
			isa = XCBuildConfiguration;
			buildSettings = {
				ASSETCATALOG_COMPILER_APPICON_NAME = AppIcon;
				CODE_SIGN_ENTITLEMENTS = Expedition/Expedition.entitlements;
				CODE_SIGN_IDENTITY = "Apple Development";
				"CODE_SIGN_IDENTITY[sdk=macosx*]" = "Apple Development";
				CODE_SIGN_STYLE = Automatic;
				DEVELOPMENT_TEAM = CQ7CSQ6XS5;
				INFOPLIST_FILE = Expedition/Info.plist;
				IPHONEOS_DEPLOYMENT_TARGET = 13.0;
				LD_RUNPATH_SEARCH_PATHS = (
					"$(inherited)",
					"@executable_path/Frameworks",
				);
				MARKETING_VERSION = 7.2;
				PRODUCT_BUNDLE_IDENTIFIER = com.themorningcompany.expedition;
				PRODUCT_NAME = "$(TARGET_NAME)";
				PROVISIONING_PROFILE_SPECIFIER = "";
				"PROVISIONING_PROFILE_SPECIFIER[sdk=macosx*]" = "";
				SUPPORTS_MACCATALYST = NO;
				SWIFT_VERSION = 5.0;
				TARGETED_DEVICE_FAMILY = "1,2";
			};
			name = Release;
		};
		001366E02307B620009A102E /* Debug */ = {
			isa = XCBuildConfiguration;
			buildSettings = {
				ALWAYS_EMBED_SWIFT_STANDARD_LIBRARIES = YES;
				BUNDLE_LOADER = "$(TEST_HOST)";
				CODE_SIGN_STYLE = Automatic;
				INFOPLIST_FILE = ExpeditionTests/Info.plist;
				LD_RUNPATH_SEARCH_PATHS = (
					"$(inherited)",
					"@executable_path/Frameworks",
					"@loader_path/Frameworks",
				);
				PRODUCT_BUNDLE_IDENTIFIER = a.ExpeditionTests;
				PRODUCT_NAME = "$(TARGET_NAME)";
				SWIFT_VERSION = 5.0;
				TARGETED_DEVICE_FAMILY = "1,2";
				TEST_HOST = "$(BUILT_PRODUCTS_DIR)/Expedition.app/Expedition";
			};
			name = Debug;
		};
		001366E12307B620009A102E /* Release */ = {
			isa = XCBuildConfiguration;
			buildSettings = {
				ALWAYS_EMBED_SWIFT_STANDARD_LIBRARIES = YES;
				BUNDLE_LOADER = "$(TEST_HOST)";
				CODE_SIGN_STYLE = Automatic;
				INFOPLIST_FILE = ExpeditionTests/Info.plist;
				LD_RUNPATH_SEARCH_PATHS = (
					"$(inherited)",
					"@executable_path/Frameworks",
					"@loader_path/Frameworks",
				);
				PRODUCT_BUNDLE_IDENTIFIER = a.ExpeditionTests;
				PRODUCT_NAME = "$(TARGET_NAME)";
				SWIFT_VERSION = 5.0;
				TARGETED_DEVICE_FAMILY = "1,2";
				TEST_HOST = "$(BUILT_PRODUCTS_DIR)/Expedition.app/Expedition";
			};
			name = Release;
		};
		001366E32307B620009A102E /* Debug */ = {
			isa = XCBuildConfiguration;
			buildSettings = {
				ALWAYS_EMBED_SWIFT_STANDARD_LIBRARIES = YES;
				CODE_SIGN_STYLE = Automatic;
				INFOPLIST_FILE = ExpeditionUITests/Info.plist;
				LD_RUNPATH_SEARCH_PATHS = (
					"$(inherited)",
					"@executable_path/Frameworks",
					"@loader_path/Frameworks",
				);
				PRODUCT_BUNDLE_IDENTIFIER = a.ExpeditionUITests;
				PRODUCT_NAME = "$(TARGET_NAME)";
				SWIFT_VERSION = 5.0;
				TARGETED_DEVICE_FAMILY = "1,2";
				TEST_TARGET_NAME = Expedition;
			};
			name = Debug;
		};
		001366E42307B620009A102E /* Release */ = {
			isa = XCBuildConfiguration;
			buildSettings = {
				ALWAYS_EMBED_SWIFT_STANDARD_LIBRARIES = YES;
				CODE_SIGN_STYLE = Automatic;
				INFOPLIST_FILE = ExpeditionUITests/Info.plist;
				LD_RUNPATH_SEARCH_PATHS = (
					"$(inherited)",
					"@executable_path/Frameworks",
					"@loader_path/Frameworks",
				);
				PRODUCT_BUNDLE_IDENTIFIER = a.ExpeditionUITests;
				PRODUCT_NAME = "$(TARGET_NAME)";
				SWIFT_VERSION = 5.0;
				TARGETED_DEVICE_FAMILY = "1,2";
				TEST_TARGET_NAME = Expedition;
			};
			name = Release;
		};
		5DFC236A23D58840004A3DF9 /* Debug */ = {
			isa = XCBuildConfiguration;
			buildSettings = {
				ASSETCATALOG_COMPILER_APPICON_NAME = "iMessage App Icon";
				CODE_SIGN_IDENTITY = "Apple Development";
				"CODE_SIGN_IDENTITY[sdk=macosx*]" = "Apple Development";
				CODE_SIGN_STYLE = Automatic;
				DEVELOPMENT_TEAM = CQ7CSQ6XS5;
				INFOPLIST_FILE = "Expedition Stickers/Info.plist";
				IPHONEOS_DEPLOYMENT_TARGET = 13.2;
				PRODUCT_BUNDLE_IDENTIFIER = "com.themorningcompany.expedition.Expedition-Stickers";
				PRODUCT_NAME = "$(TARGET_NAME)";
				SKIP_INSTALL = YES;
				TARGETED_DEVICE_FAMILY = "1,2";
			};
			name = Debug;
		};
		5DFC236B23D58840004A3DF9 /* Release */ = {
			isa = XCBuildConfiguration;
			buildSettings = {
				ASSETCATALOG_COMPILER_APPICON_NAME = "iMessage App Icon";
				CODE_SIGN_IDENTITY = "Apple Development";
				"CODE_SIGN_IDENTITY[sdk=macosx*]" = "Apple Development";
				CODE_SIGN_STYLE = Automatic;
				DEVELOPMENT_TEAM = CQ7CSQ6XS5;
				INFOPLIST_FILE = "Expedition Stickers/Info.plist";
				IPHONEOS_DEPLOYMENT_TARGET = 13.2;
				PRODUCT_BUNDLE_IDENTIFIER = "com.themorningcompany.expedition.Expedition-Stickers";
				PRODUCT_NAME = "$(TARGET_NAME)";
				SKIP_INSTALL = YES;
				TARGETED_DEVICE_FAMILY = "1,2";
			};
			name = Release;
		};
/* End XCBuildConfiguration section */

/* Begin XCConfigurationList section */
		001366AF2307B61F009A102E /* Build configuration list for PBXProject "Expedition" */ = {
			isa = XCConfigurationList;
			buildConfigurations = (
				001366DA2307B620009A102E /* Debug */,
				001366DB2307B620009A102E /* Release */,
			);
			defaultConfigurationIsVisible = 0;
			defaultConfigurationName = Release;
		};
		001366DC2307B620009A102E /* Build configuration list for PBXNativeTarget "Expedition" */ = {
			isa = XCConfigurationList;
			buildConfigurations = (
				001366DD2307B620009A102E /* Debug */,
				001366DE2307B620009A102E /* Release */,
			);
			defaultConfigurationIsVisible = 0;
			defaultConfigurationName = Release;
		};
		001366DF2307B620009A102E /* Build configuration list for PBXNativeTarget "ExpeditionTests" */ = {
			isa = XCConfigurationList;
			buildConfigurations = (
				001366E02307B620009A102E /* Debug */,
				001366E12307B620009A102E /* Release */,
			);
			defaultConfigurationIsVisible = 0;
			defaultConfigurationName = Release;
		};
		001366E22307B620009A102E /* Build configuration list for PBXNativeTarget "ExpeditionUITests" */ = {
			isa = XCConfigurationList;
			buildConfigurations = (
				001366E32307B620009A102E /* Debug */,
				001366E42307B620009A102E /* Release */,
			);
			defaultConfigurationIsVisible = 0;
			defaultConfigurationName = Release;
		};
		5DFC236C23D58840004A3DF9 /* Build configuration list for PBXNativeTarget "Expedition Stickers" */ = {
			isa = XCConfigurationList;
			buildConfigurations = (
				5DFC236A23D58840004A3DF9 /* Debug */,
				5DFC236B23D58840004A3DF9 /* Release */,
			);
			defaultConfigurationIsVisible = 0;
			defaultConfigurationName = Release;
		};
/* End XCConfigurationList section */

/* Begin XCVersionGroup section */
		5D1D0D5623C6AE7600B4377E /* History.xcdatamodeld */ = {
			isa = XCVersionGroup;
			children = (
				5D1D0D5723C6AE7600B4377E /* History.xcdatamodel */,
			);
			currentVersion = 5D1D0D5723C6AE7600B4377E /* History.xcdatamodel */;
			path = History.xcdatamodeld;
			sourceTree = "<group>";
			versionGroupType = wrapper.xcdatamodel;
		};
/* End XCVersionGroup section */
	};
	rootObject = 001366AC2307B61F009A102E /* Project object */;
}
